<?xml version="1.0" encoding="UTF-8" standalone="yes" ?>
<CodeBlocks_project_file>
	<FileVersion major="1" minor="6" />
	<Project>
		<Option title="GraphicsProject2013" />
		<Option pch_mode="2" />
		<Option compiler="gcc" />
		<Build>
			<Target title="Release">
				<Option output="bin/test" prefix_auto="1" extension_auto="1" />
				<Option working_dir="bin" />
				<Option object_output="obj" />
				<Option type="1" />
				<Option compiler="gcc" />
				<Option use_console_runner="0" />
				<Compiler>
					<Add option="-O2" />
				</Compiler>
				<Linker>
					<Add option="-s" />
				</Linker>
			</Target>
			<Target title="Debug">
				<Option output="bin/test" prefix_auto="1" extension_auto="1" />
				<Option working_dir="bin" />
				<Option object_output="obj" />
				<Option type="1" />
				<Option compiler="gcc" />
				<Compiler>
					<Add option="-Wall" />
					<Add option="-g" />
				</Compiler>
			</Target>
			<Target title="Debug_Server">
				<Option output="bin/test_server" prefix_auto="1" extension_auto="1" />
				<Option working_dir="bin" />
				<Option object_output="obj" />
				<Option type="1" />
				<Option compiler="gcc" />
				<Compiler>
					<Add option="-Wall" />
					<Add option="-g" />
					<Add option="-DSERVER=1" />
				</Compiler>
			</Target>
		</Build>
		<Compiler>
			<Add option="-std=c++0x" />
			<Add option="-Wall" />
			<Add directory="include" />
			<Add directory="include/RakNet" />
		</Compiler>
		<Linker>
			<Add library="glut" />
			<Add library="GL" />
			<Add library="GLU" />
			<Add library="GLEW" />
			<Add library="RakNetLibStatic" />
			<Add library="LibRPC3" />
			<Add directory="lib" />
		</Linker>
		<Unit filename="include/behavior.h" />
		<Unit filename="include/camera.h" />
		<Unit filename="include/collider.h" />
		<Unit filename="include/component.h" />
		<Unit filename="include/eventmanager.h" />
		<Unit filename="include/funcdefs.h" />
		<Unit filename="include/game.h" />
		<Unit filename="include/graphicssubsystem.h" />
		<Unit filename="include/inputsubsystem.h" />
		<Unit filename="include/light.h" />
		<Unit filename="include/material.h" />
		<Unit filename="include/mesh.h" />
		<Unit filename="include/networksubsystem.h" />
		<Unit filename="include/object.h" />
		<Unit filename="include/physicssubsystem.h" />
		<Unit filename="include/renderer.h" />
		<Unit filename="include/scene.h" />
		<Unit filename="include/scenemanager.h" />
		<Unit filename="include/synchronizer.h" />
		<Unit filename="include/transform.h" />
		<Unit filename="include/utils.h" />
		<Unit filename="include/vec.h" />
		<Unit filename="shaders/default_fragment.glsl" />
		<Unit filename="shaders/default_vertex.glsl" />
		<Unit filename="src/behavior.cpp" />
		<Unit filename="src/camera.cpp" />
		<Unit filename="src/collider.cpp" />
		<Unit filename="src/component.cpp" />
		<Unit filename="src/eventmanager.cpp" />
		<Unit filename="src/game.cpp" />
		<Unit filename="src/graphicssubsystem.cpp" />
		<Unit filename="src/inputsubsystem.cpp" />
		<Unit filename="src/light.cpp" />
		<Unit filename="src/main.cpp">
			<Option target="Release" />
			<Option target="Debug" />
		</Unit>
		<Unit filename="src/main_server.cpp">
			<Option target="Debug_Server" />
		</Unit>
		<Unit filename="src/material.cpp" />
		<Unit filename="src/mesh.cpp" />
		<Unit filename="src/networksubsystem.cpp" />
		<Unit filename="src/object.cpp" />
		<Unit filename="src/physicssubsystem.cpp" />
		<Unit filename="src/renderer.cpp" />
		<Unit filename="src/scene.cpp" />
		<Unit filename="src/scenemanager.cpp" />
		<Unit filename="src/synchronizer.cpp" />
		<Unit filename="src/transform.cpp" />
		<Unit filename="src/utils.cpp" />
		<Extensions>
			<code_completion />
			<envvars />
			<debugger />
		</Extensions>
	</Project>
</CodeBlocks_project_file>
