<?xml version="1.0" encoding="UTF-8" standalone="yes" ?>
<CodeBlocks_project_file>
	<FileVersion major="1" minor="6" />
	<Project>
		<Option title="GraphicsProject2013" />
		<Option pch_mode="2" />
		<Option compiler="gcc" />
		<Build>
			<Target title="Release">
				<Option output="bin/test" prefix_auto="1" extension_auto="1" />
				<Option working_dir="bin" />
				<Option object_output="obj" />
				<Option type="1" />
				<Option compiler="gcc" />
				<Option use_console_runner="0" />
				<Compiler>
					<Add option="-O2" />
				</Compiler>
				<Linker>
					<Add option="-s" />
				</Linker>
			</Target>
			<Target title="Debug">
				<Option output="bin/test" prefix_auto="1" extension_auto="1" />
				<Option working_dir="bin" />
				<Option object_output="obj" />
				<Option type="1" />
				<Option compiler="gcc" />
				<Compiler>
					<Add option="-Wall" />
					<Add option="-g" />
				</Compiler>
			</Target>
		</Build>
		<Compiler>
			<Add option="-Wall" />
			<Add directory="include" />
		</Compiler>
		<Linker>
			<Add library="glut" />
			<Add library="GLU" />
			<Add directory="lib" />
		</Linker>
		<Unit filename="include/behavior.h" />
		<Unit filename="include/camera.h" />
		<Unit filename="include/component.h" />
		<Unit filename="include/graphicssubsystem.h" />
		<Unit filename="include/inputsubsystem.h" />
		<Unit filename="include/light.h" />
		<Unit filename="include/mesh.h" />
		<Unit filename="include/object.h" />
		<Unit filename="include/renderer.h" />
		<Unit filename="include/scene.h" />
		<Unit filename="include/scenemanager.h" />
		<Unit filename="include/transform.h" />
		<Unit filename="include/utils.h" />
		<Unit filename="include/vector3f.h" />
		<Unit filename="src/behavior.cpp" />
		<Unit filename="src/camera.cpp" />
		<Unit filename="src/component.cpp" />
		<Unit filename="src/graphicssubsystem.cpp" />
		<Unit filename="src/inputsubsystem.cpp" />
		<Unit filename="src/light.cpp" />
		<Unit filename="src/main.cpp" />
		<Unit filename="src/mesh.cpp" />
		<Unit filename="src/object.cpp" />
		<Unit filename="src/renderer.cpp" />
		<Unit filename="src/scene.cpp" />
		<Unit filename="src/scenemanager.cpp" />
		<Unit filename="src/transform.cpp" />
		<Unit filename="src/utils.cpp" />
		<Unit filename="src/vector3f.cpp" />
		<Extensions>
			<code_completion />
			<envvars />
			<debugger />
		</Extensions>
	</Project>
</CodeBlocks_project_file>
